schema: '2.0'
stages:
  prepare:
    cmd: python .\src\prepare.py
    deps:
    - path: .\data\raw\
      md5: d49eb8b1612431cb8b65b458d39ba8bc.dir
      size: 111924885
      nfiles: 14398
    - path: .\src\prepare.py
      md5: 47a45654a7662583648c9ef5651c7b8f
      size: 1274
    outs:
    - path: .\data\prepared\test.csv
      md5: 052be7e84880172ce8f7a8984fefbde2
      size: 75219
    - path: .\data\prepared\train.csv
      md5: 0f7ebaf4db8eb0b449e20542d15e09e9
      size: 201975
  train:
    cmd: python .\src\train.py
    deps:
    - path: .\data\prepared\train.csv
      md5: 0f7ebaf4db8eb0b449e20542d15e09e9
      size: 201975
    - path: .\src\train.py
      md5: 8afd0b487365179d1b8bcca7e57a64cd
      size: 1371
    outs:
    - path: .\model\model.joblib
      md5: 2888bdca8417fe271b91e00200922ef2
      size: 241180
  evaluate:
    cmd: python .\src\evaluate.py
    deps:
    - path: .\model\model.joblib
      md5: 2888bdca8417fe271b91e00200922ef2
      size: 241180
    - path: .\src\evaluate.py
      md5: b197277667d6269271fff4ae4af8a941
      size: 668
    outs:
    - path: .\metrics\accuracy.json
      md5: 46aea842908b0e8fdbda0c2bfca5fd4b
      size: 32
